{
  "sources": {
    "build-essential": {
      "locked_version": "1.4.4"
    },
    "nginx": {
      "locked_version": "2.4.1"
    },
    "postgresql": {
      "locked_version": "3.3.4"
    },
    "apt": {
      "locked_version": "2.3.8"
    },
    "bluepill": {
      "locked_version": "2.3.1"
    },
    "rsyslog": {
      "locked_version": "1.12.0"
    },
    "ohai": {
      "locked_version": "1.1.12"
    },
    "runit": {
      "locked_version": "1.5.8"
    },
    "yum": {
      "locked_version": "3.1.2"
    },
    "yum-epel": {
      "locked_version": "0.3.4"
    },
    "openssl": {
      "locked_version": "1.1.0"
    }
  }
}
